
Microsoft Visual Studio Solution File, Format Version 12.00
# Visual Studio 15
VisualStudioVersion = 15.0.26730.15
MinimumVisualStudioVersion = 10.0.40219.1
Project("{8BC9CEB8-8B4A-11D0-8D11-00A0C91BC942}") = "Project1", "Project1.vcxproj", "{3C188A37-C3D8-4AE9-A9CC-7329F9BBD303}"
EndProject
Global
	GlobalSection(SolutionConfigurationPlatforms) = preSolution
		Debug|x64 = Debug|x64
		Debug|x86 = Debug|x86
		Release|x64 = Release|x64
		Release|x86 = Release|x86
	EndGlobalSection
	GlobalSection(ProjectConfigurationPlatforms) = postSolution
		{3C188A37-C3D8-4AE9-A9CC-7329F9BBD303}.Debug|x64.ActiveCfg = Debug|x64
		{3C188A37-C3D8-4AE9-A9CC-7329F9BBD303}.Debug|x64.Build.0 = Debug|x64
		{3C188A37-C3D8-4AE9-A9CC-7329F9BBD303}.Debug|x86.ActiveCfg = Debug|Win32
		{3C188A37-C3D8-4AE9-A9CC-7329F9BBD303}.Debug|x86.Build.0 = Debug|Win32
		{3C188A37-C3D8-4AE9-A9CC-7329F9BBD303}.Release|x64.ActiveCfg = Release|x64
		{3C188A37-C3D8-4AE9-A9CC-7329F9BBD303}.Release|x64.Build.0 = Release|x64
		{3C188A37-C3D8-4AE9-A9CC-7329F9BBD303}.Release|x86.ActiveCfg = Release|Win32
		{3C188A37-C3D8-4AE9-A9CC-7329F9BBD303}.Release|x86.Build.0 = Release|Win32
	EndGlobalSection
	GlobalSection(SolutionProperties) = preSolution
		HideSolutionNode = FALSE
	EndGlobalSection
	GlobalSection(ExtensibilityGlobals) = postSolution
		SolutionGuid = {F1E1F896-CF44-44F1-9ADC-A9D8C1599A91}
	EndGlobalSection
EndGlobal
